
Microsoft Visual Studio Solution File, Format Version 12.00
# Visual Studio Version 17
VisualStudioVersion = 17.6.33829.357
MinimumVisualStudioVersion = 10.0.40219.1
Project("{FAE04EC0-301F-11D3-BF4B-00C04F79EFBC}") = "ITI_day5", "ITI_day5\ITI_day5.csproj", "{BF6157AA-6608-44BE-B440-7890E796AD14}"
EndProject
Global
	GlobalSection(SolutionConfigurationPlatforms) = preSolution
		Debug|Any CPU = Debug|Any CPU
		Release|Any CPU = Release|Any CPU
	EndGlobalSection
	GlobalSection(ProjectConfigurationPlatforms) = postSolution
		{BF6157AA-6608-44BE-B440-7890E796AD14}.Debug|Any CPU.ActiveCfg = Debug|Any CPU
		{BF6157AA-6608-44BE-B440-7890E796AD14}.Debug|Any CPU.Build.0 = Debug|Any CPU
		{BF6157AA-6608-44BE-B440-7890E796AD14}.Release|Any CPU.ActiveCfg = Release|Any CPU
		{BF6157AA-6608-44BE-B440-7890E796AD14}.Release|Any CPU.Build.0 = Release|Any CPU
	EndGlobalSection
	GlobalSection(SolutionProperties) = preSolution
		HideSolutionNode = FALSE
	EndGlobalSection
	GlobalSection(ExtensibilityGlobals) = postSolution
		SolutionGuid = {61F95541-1901-4251-B187-41E374A0374B}
	EndGlobalSection
EndGlobal
